
Microsoft Visual Studio Solution File, Format Version 12.00
# Visual Studio 15
VisualStudioVersion = 15.0.26730.8
MinimumVisualStudioVersion = 10.0.40219.1
Project("{FAE04EC0-301F-11D3-BF4B-00C04F79EFBC}") = "ImageOrganizer", "ImageOrganizer\ImageOrganizer.csproj", "{A25CE410-08E4-462D-87E7-268150C7AA44}"
EndProject
Project("{FAE04EC0-301F-11D3-BF4B-00C04F79EFBC}") = "ImageOrganizerTests", "ImageOrganizerTests\ImageOrganizerTests.csproj", "{C9BF077B-9B28-47E4-8F9F-A61B067FB8DC}"
EndProject
Global
	GlobalSection(SolutionConfigurationPlatforms) = preSolution
		Debug|Any CPU = Debug|Any CPU
		Release|Any CPU = Release|Any CPU
	EndGlobalSection
	GlobalSection(ProjectConfigurationPlatforms) = postSolution
		{A25CE410-08E4-462D-87E7-268150C7AA44}.Debug|Any CPU.ActiveCfg = Debug|Any CPU
		{A25CE410-08E4-462D-87E7-268150C7AA44}.Debug|Any CPU.Build.0 = Debug|Any CPU
		{A25CE410-08E4-462D-87E7-268150C7AA44}.Release|Any CPU.ActiveCfg = Release|Any CPU
		{A25CE410-08E4-462D-87E7-268150C7AA44}.Release|Any CPU.Build.0 = Release|Any CPU
		{C9BF077B-9B28-47E4-8F9F-A61B067FB8DC}.Debug|Any CPU.ActiveCfg = Debug|Any CPU
		{C9BF077B-9B28-47E4-8F9F-A61B067FB8DC}.Debug|Any CPU.Build.0 = Debug|Any CPU
		{C9BF077B-9B28-47E4-8F9F-A61B067FB8DC}.Release|Any CPU.ActiveCfg = Release|Any CPU
		{C9BF077B-9B28-47E4-8F9F-A61B067FB8DC}.Release|Any CPU.Build.0 = Release|Any CPU
	EndGlobalSection
	GlobalSection(SolutionProperties) = preSolution
		HideSolutionNode = FALSE
	EndGlobalSection
	GlobalSection(ExtensibilityGlobals) = postSolution
		SolutionGuid = {82739AC0-78A3-47E6-A0D9-52635D8DF2C3}
	EndGlobalSection
EndGlobal
